
Microsoft Visual Studio Solution File, Format Version 12.00
# Visual Studio Version 17
VisualStudioVersion = 17.4.33213.308
MinimumVisualStudioVersion = 10.0.40219.1
Project("{FAE04EC0-301F-11D3-BF4B-00C04F79EFBC}") = "labtaskweek5", "labtaskweek5\labtaskweek5.csproj", "{F4794064-567D-4A5C-A322-1E9338BA2D59}"
EndProject
Global
	GlobalSection(SolutionConfigurationPlatforms) = preSolution
		Debug|Any CPU = Debug|Any CPU
		Release|Any CPU = Release|Any CPU
	EndGlobalSection
	GlobalSection(ProjectConfigurationPlatforms) = postSolution
		{F4794064-567D-4A5C-A322-1E9338BA2D59}.Debug|Any CPU.ActiveCfg = Debug|Any CPU
		{F4794064-567D-4A5C-A322-1E9338BA2D59}.Debug|Any CPU.Build.0 = Debug|Any CPU
		{F4794064-567D-4A5C-A322-1E9338BA2D59}.Release|Any CPU.ActiveCfg = Release|Any CPU
		{F4794064-567D-4A5C-A322-1E9338BA2D59}.Release|Any CPU.Build.0 = Release|Any CPU
	EndGlobalSection
	GlobalSection(SolutionProperties) = preSolution
		HideSolutionNode = FALSE
	EndGlobalSection
	GlobalSection(ExtensibilityGlobals) = postSolution
		SolutionGuid = {F22D6030-6B6C-477B-8FDD-E66B82BA36F5}
	EndGlobalSection
EndGlobal
